
Microsoft Visual Studio Solution File, Format Version 12.00
# Visual Studio Version 17
VisualStudioVersion = 17.9.34616.47
MinimumVisualStudioVersion = 10.0.40219.1
Project("{FAE04EC0-301F-11D3-BF4B-00C04F79EFBC}") = "Core.Persistence", "Core.Persistence\Core.Persistence.csproj", "{70E6CA48-1281-425B-BE5F-AA74CC2F3C95}"
EndProject
Global
	GlobalSection(SolutionConfigurationPlatforms) = preSolution
		Debug|Any CPU = Debug|Any CPU
		Release|Any CPU = Release|Any CPU
	EndGlobalSection
	GlobalSection(ProjectConfigurationPlatforms) = postSolution
		{70E6CA48-1281-425B-BE5F-AA74CC2F3C95}.Debug|Any CPU.ActiveCfg = Debug|Any CPU
		{70E6CA48-1281-425B-BE5F-AA74CC2F3C95}.Debug|Any CPU.Build.0 = Debug|Any CPU
		{70E6CA48-1281-425B-BE5F-AA74CC2F3C95}.Release|Any CPU.ActiveCfg = Release|Any CPU
		{70E6CA48-1281-425B-BE5F-AA74CC2F3C95}.Release|Any CPU.Build.0 = Release|Any CPU
	EndGlobalSection
	GlobalSection(SolutionProperties) = preSolution
		HideSolutionNode = FALSE
	EndGlobalSection
	GlobalSection(ExtensibilityGlobals) = postSolution
		SolutionGuid = {069C8092-3B61-4E76-8093-485F4BA07F3D}
	EndGlobalSection
EndGlobal
